// !$*UTF8*$!
{
	archiveVersion = 1;
	classes = {
	};
	objectVersion = 77;
	objects = {

/* Begin PBXCopyFilesBuildPhase section */
		ADEB231B2FB84C2B00CC2633 /* Embed Foundation Extensions */ = {
			isa = PBXCopyFilesBuildPhase;
			buildActionMask = 2147483647;
			dstPath = "";
			dstSubfolderSpec = 13;
			files = (
			);
			name = "Embed Foundation Extensions";
			runOnlyForDeploymentPostprocessing = 0;
		};
/* End PBXCopyFilesBuildPhase section */

/* Begin PBXFileReference section */
		AD12EEC12F5AEC2200C0B791 /* Swift Zip Manager.app */ = {isa = PBXFileReference; explicitFileType = wrapper.application; includeInIndex = 0; path = "Swift Zip Manager.app"; sourceTree = BUILT_PRODUCTS_DIR; };
		AD8D4C7B3027199800E68398 /* .gitignore */ = {isa = PBXFileReference; lastKnownFileType = text; path = .gitignore; sourceTree = "<group>"; };
		AD8D4C7C3027199800E68398 /* LICENSE */ = {isa = PBXFileReference; lastKnownFileType = text; path = LICENSE; sourceTree = "<group>"; };
		AD8D4C9830273CCA00E68398 /* README.md */ = {isa = PBXFileReference; lastKnownFileType = net.daringfireball.markdown; path = README.md; sourceTree = "<group>"; };
		ADEB23082FB84C2700CC2633 /* WidgetKit.framework */ = {isa = PBXFileReference; lastKnownFileType = wrapper.framework; name = WidgetKit.framework; path = System/Library/Frameworks/WidgetKit.framework; sourceTree = SDKROOT; };
		ADEB230A2FB84C2800CC2633 /* SwiftUI.framework */ = {isa = PBXFileReference; lastKnownFileType = wrapper.framework; name = SwiftUI.framework; path = System/Library/Frameworks/SwiftUI.framework; sourceTree = SDKROOT; };
/* End PBXFileReference section */

/* Begin PBXFileSystemSynchronizedRootGroup section */
		ADC380DB302849530053EC97 /* Docs */ = {
			isa = PBXFileSystemSynchronizedRootGroup;
			path = Docs;
			sourceTree = "<group>";
		};
		ADC380DC302849AB0053EC97 /* App */ = {
			isa = PBXFileSystemSynchronizedRootGroup;
			path = App;
			sourceTree = "<group>";
		};
		ADC380E330284A200053EC97 /* Common */ = {
			isa = PBXFileSystemSynchronizedRootGroup;
			path = Common;
			sourceTree = "<group>";
		};
		ADC380EC30284A820053EC97 /* ArchiveCore */ = {
			isa = PBXFileSystemSynchronizedRootGroup;
			path = ArchiveCore;
			sourceTree = "<group>";
		};
		ADC380FF30284B1D0053EC97 /* Encryption */ = {
			isa = PBXFileSystemSynchronizedRootGroup;
			path = Encryption;
			sourceTree = "<group>";
		};
		ADC3810E30284B840053EC97 /* ToolsManagement */ = {
			isa = PBXFileSystemSynchronizedRootGroup;
			path = ToolsManagement;
			sourceTree = "<group>";
		};
		ADC3811330284BBE0053EC97 /* UpdateSystem */ = {
			isa = PBXFileSystemSynchronizedRootGroup;
			path = UpdateSystem;
			sourceTree = "<group>";
		};
		ADC3811C30284C120053EC97 /* UserPreferences */ = {
			isa = PBXFileSystemSynchronizedRootGroup;
			path = UserPreferences;
			sourceTree = "<group>";
		};
		ADC3813830284D2B0053EC97 /* FileSystem */ = {
			isa = PBXFileSystemSynchronizedRootGroup;
			path = FileSystem;
			sourceTree = "<group>";
		};
		ADC3814530284DC60053EC97 /* ArchiveCreation */ = {
			isa = PBXFileSystemSynchronizedRootGroup;
			path = ArchiveCreation;
			sourceTree = "<group>";
		};
		ADC3815230284E1F0053EC97 /* DeveloperTools */ = {
			isa = PBXFileSystemSynchronizedRootGroup;
			path = DeveloperTools;
			sourceTree = "<group>";
		};
		ADC3816B30284EEC0053EC97 /* HelpSupport */ = {
			isa = PBXFileSystemSynchronizedRootGroup;
			path = HelpSupport;
			sourceTree = "<group>";
		};
		ADC3816E30284F0B0053EC97 /* MainUI */ = {
			isa = PBXFileSystemSynchronizedRootGroup;
			path = MainUI;
			sourceTree = "<group>";
		};
		ADC3817530284FDD0053EC97 /* UIComponents */ = {
			isa = PBXFileSystemSynchronizedRootGroup;
			path = UIComponents;
			sourceTree = "<group>";
		};
		ADC381823028621F0053EC97 /* Resources */ = {
			isa = PBXFileSystemSynchronizedRootGroup;
			path = Resources;
			sourceTree = "<group>";
		};
/* End PBXFileSystemSynchronizedRootGroup section */

/* Begin PBXFrameworksBuildPhase section */
		AD12EEBE2F5AEC2200C0B791 /* Frameworks */ = {
			isa = PBXFrameworksBuildPhase;
			buildActionMask = 2147483647;
			files = (
			);
			runOnlyForDeploymentPostprocessing = 0;
		};
/* End PBXFrameworksBuildPhase section */

/* Begin PBXGroup section */
		AD12EEB82F5AEC2200C0B791 = {
			isa = PBXGroup;
			children = (
				AD8D4C7C3027199800E68398 /* LICENSE */,
				AD8D4C9830273CCA00E68398 /* README.md */,
				ADC380DB302849530053EC97 /* Docs */,
				AD8D4C7B3027199800E68398 /* .gitignore */,
				AD12EEC32F5AEC2200C0B791 /* Swift Zip Manager */,
				ADEB23072FB84C2700CC2633 /* Frameworks */,
				AD12EEC22F5AEC2200C0B791 /* Products */,
			);
			sourceTree = "<group>";
		};
		AD12EEC22F5AEC2200C0B791 /* Products */ = {
			isa = PBXGroup;
			children = (
				AD12EEC12F5AEC2200C0B791 /* Swift Zip Manager.app */,
			);
			name = Products;
			sourceTree = "<group>";
		};
		AD12EEC32F5AEC2200C0B791 /* Swift Zip Manager */ = {
			isa = PBXGroup;
			children = (
				ADC381823028621F0053EC97 /* Resources */,
				ADC3817530284FDD0053EC97 /* UIComponents */,
				ADC3816E30284F0B0053EC97 /* MainUI */,
				ADC3816B30284EEC0053EC97 /* HelpSupport */,
				ADC3815230284E1F0053EC97 /* DeveloperTools */,
				ADC3814530284DC60053EC97 /* ArchiveCreation */,
				ADC3813830284D2B0053EC97 /* FileSystem */,
				ADC3811C30284C120053EC97 /* UserPreferences */,
				ADC3811330284BBE0053EC97 /* UpdateSystem */,
				ADC3810E30284B840053EC97 /* ToolsManagement */,
				ADC380FF30284B1D0053EC97 /* Encryption */,
				ADC380EC30284A820053EC97 /* ArchiveCore */,
				ADC380E330284A200053EC97 /* Common */,
				ADC380DC302849AB0053EC97 /* App */,
			);
			path = "Swift Zip Manager";
			sourceTree = "<group>";
		};
		ADEB23072FB84C2700CC2633 /* Frameworks */ = {
			isa = PBXGroup;
			children = (
				ADEB23082FB84C2700CC2633 /* WidgetKit.framework */,
				ADEB230A2FB84C2800CC2633 /* SwiftUI.framework */,
			);
			name = Frameworks;
			sourceTree = "<group>";
		};
/* End PBXGroup section */

/* Begin PBXNativeTarget section */
		AD12EEC02F5AEC2200C0B791 /* Swift Zip Manager */ = {
			isa = PBXNativeTarget;
			buildConfigurationList = AD12EEE62F5AEC2500C0B791 /* Build configuration list for PBXNativeTarget "Swift Zip Manager" */;
			buildPhases = (
				AD12EEBD2F5AEC2200C0B791 /* Sources */,
				AD12EEBE2F5AEC2200C0B791 /* Frameworks */,
				AD12EEBF2F5AEC2200C0B791 /* Resources */,
				ADEB231B2FB84C2B00CC2633 /* Embed Foundation Extensions */,
			);
			buildRules = (
			);
			dependencies = (
			);
			fileSystemSynchronizedGroups = (
				ADC380DC302849AB0053EC97 /* App */,
				ADC380E330284A200053EC97 /* Common */,
				ADC380EC30284A820053EC97 /* ArchiveCore */,
				ADC380FF30284B1D0053EC97 /* Encryption */,
				ADC3810E30284B840053EC97 /* ToolsManagement */,
				ADC3811330284BBE0053EC97 /* UpdateSystem */,
				ADC3811C30284C120053EC97 /* UserPreferences */,
				ADC3813830284D2B0053EC97 /* FileSystem */,
				ADC3814530284DC60053EC97 /* ArchiveCreation */,
				ADC3815230284E1F0053EC97 /* DeveloperTools */,
				ADC3816B30284EEC0053EC97 /* HelpSupport */,
				ADC3816E30284F0B0053EC97 /* MainUI */,
				ADC3817530284FDD0053EC97 /* UIComponents */,
				ADC381823028621F0053EC97 /* Resources */,
			);
			name = "Swift Zip Manager";
			packageProductDependencies = (
			);
			productName = "Swift Zip Manager";
			productReference = AD12EEC12F5AEC2200C0B791 /* Swift Zip Manager.app */;
			productType = "com.apple.product-type.application";
		};
/* End PBXNativeTarget section */

/* Begin PBXProject section */
		AD12EEB92F5AEC2200C0B791 /* Project object */ = {
			isa = PBXProject;
			attributes = {
				BuildIndependentTargetsInParallel = 1;
				LastSwiftUpdateCheck = 2630;
				LastUpgradeCheck = 2630;
				TargetAttributes = {
					AD12EEC02F5AEC2200C0B791 = {
						CreatedOnToolsVersion = 14.0.1;
						LastSwiftMigration = 2630;
					};
				};
			};
			buildConfigurationList = AD12EEBC2F5AEC2200C0B791 /* Build configuration list for PBXProject "Swift Zip Manager" */;
			developmentRegion = en;
			hasScannedForEncodings = 0;
			knownRegions = (
				en,
				Base,
				"zh-Hans",
				"zh-Hant",
			);
			mainGroup = AD12EEB82F5AEC2200C0B791;
			packageReferences = (
			);
			preferredProjectObjectVersion = 77;
			productRefGroup = AD12EEC22F5AEC2200C0B791 /* Products */;
			projectDirPath = "";
			projectRoot = "";
			targets = (
				AD12EEC02F5AEC2200C0B791 /* Swift Zip Manager */,
			);
		};
/* End PBXProject section */

/* Begin PBXResourcesBuildPhase section */
		AD12EEBF2F5AEC2200C0B791 /* Resources */ = {
			isa = PBXResourcesBuildPhase;
			buildActionMask = 2147483647;
			files = (
			);
			runOnlyForDeploymentPostprocessing = 0;
		};
/* End PBXResourcesBuildPhase section */

/* Begin PBXSourcesBuildPhase section */
		AD12EEBD2F5AEC2200C0B791 /* Sources */ = {
			isa = PBXSourcesBuildPhase;
			buildActionMask = 2147483647;
			files = (
			);
			runOnlyForDeploymentPostprocessing = 0;
		};
/* End PBXSourcesBuildPhase section */

/* Begin XCBuildConfiguration section */
		AD12EEE42F5AEC2500C0B791 /* Debug */ = {
			isa = XCBuildConfiguration;
			buildSettings = {
				ALWAYS_SEARCH_USER_PATHS = NO;
				CLANG_ANALYZER_LOCALIZABILITY_NONLOCALIZED = YES;
				CLANG_ANALYZER_NONNULL = YES;
				CLANG_ANALYZER_NUMBER_OBJECT_CONVERSION = YES_AGGRESSIVE;
				CLANG_CXX_LANGUAGE_STANDARD = "gnu++20";
				CLANG_ENABLE_MODULES = YES;
				CLANG_ENABLE_OBJC_ARC = YES;
				CLANG_ENABLE_OBJC_WEAK = YES;
				CLANG_WARN_BLOCK_CAPTURE_AUTORELEASING = YES;
				CLANG_WARN_BOOL_CONVERSION = YES;
				CLANG_WARN_COMMA = YES;
				CLANG_WARN_CONSTANT_CONVERSION = YES;
				CLANG_WARN_DEPRECATED_OBJC_IMPLEMENTATIONS = YES;
				CLANG_WARN_DIRECT_OBJC_ISA_USAGE = YES_ERROR;
				CLANG_WARN_DOCUMENTATION_COMMENTS = YES;
				CLANG_WARN_EMPTY_BODY = YES;
				CLANG_WARN_ENUM_CONVERSION = YES;
				CLANG_WARN_INFINITE_RECURSION = YES;
				CLANG_WARN_INT_CONVERSION = YES;
				CLANG_WARN_NON_LITERAL_NULL_CONVERSION = YES;
				CLANG_WARN_OBJC_IMPLICIT_RETAIN_SELF = YES;
				CLANG_WARN_OBJC_LITERAL_CONVERSION = YES;
				CLANG_WARN_OBJC_ROOT_CLASS = YES_ERROR;
				CLANG_WARN_QUOTED_INCLUDE_IN_FRAMEWORK_HEADER = YES;
				CLANG_WARN_RANGE_LOOP_ANALYSIS = YES;
				CLANG_WARN_STRICT_PROTOTYPES = YES;
				CLANG_WARN_SUSPICIOUS_MOVE = YES;
				CLANG_WARN_UNGUARDED_AVAILABILITY = YES_AGGRESSIVE;
				CLANG_WARN_UNREACHABLE_CODE = YES;
				CLANG_WARN__DUPLICATE_METHOD_MATCH = YES;
				COPY_PHASE_STRIP = NO;
				DEAD_CODE_STRIPPING = YES;
				DEBUG_INFORMATION_FORMAT = dwarf;
				DEVELOPMENT_TEAM = MVKBMZMN48;
				ENABLE_STRICT_OBJC_MSGSEND = YES;
				ENABLE_TESTABILITY = YES;
				ENABLE_USER_SCRIPT_SANDBOXING = YES;
				GCC_C_LANGUAGE_STANDARD = gnu11;
				GCC_DYNAMIC_NO_PIC = NO;
				GCC_NO_COMMON_BLOCKS = YES;
				GCC_OPTIMIZATION_LEVEL = 0;
				GCC_PREPROCESSOR_DEFINITIONS = (
					"DEBUG=1",
					"$(inherited)",
				);
				GCC_WARN_64_TO_32_BIT_CONVERSION = YES;
				GCC_WARN_ABOUT_RETURN_TYPE = YES_ERROR;
				GCC_WARN_UNDECLARED_SELECTOR = YES;
				GCC_WARN_UNINITIALIZED_AUTOS = YES_AGGRESSIVE;
				GCC_WARN_UNUSED_FUNCTION = YES;
				GCC_WARN_UNUSED_VARIABLE = YES;
				MACOSX_DEPLOYMENT_TARGET = 12.4;
				MTL_ENABLE_DEBUG_INFO = INCLUDE_SOURCE;
				MTL_FAST_MATH = YES;
				ONLY_ACTIVE_ARCH = YES;
				SDKROOT = macosx;
				STRING_CATALOG_GENERATE_SYMBOLS = YES;
				SWIFT_ACTIVE_COMPILATION_CONDITIONS = DEBUG;
				SWIFT_EMIT_LOC_STRINGS = YES;
				SWIFT_OPTIMIZATION_LEVEL = "-Onone";
			};
			name = Debug;
		};
		AD12EEE52F5AEC2500C0B791 /* Release */ = {
			isa = XCBuildConfiguration;
			buildSettings = {
				ALWAYS_SEARCH_USER_PATHS = NO;
				CLANG_ANALYZER_LOCALIZABILITY_NONLOCALIZED = YES;
				CLANG_ANALYZER_NONNULL = YES;
				CLANG_ANALYZER_NUMBER_OBJECT_CONVERSION = YES_AGGRESSIVE;
				CLANG_CXX_LANGUAGE_STANDARD = "gnu++20";
				CLANG_ENABLE_MODULES = YES;
				CLANG_ENABLE_OBJC_ARC = YES;
				CLANG_ENABLE_OBJC_WEAK = YES;
				CLANG_WARN_BLOCK_CAPTURE_AUTORELEASING = YES;
				CLANG_WARN_BOOL_CONVERSION = YES;
				CLANG_WARN_COMMA = YES;
				CLANG_WARN_CONSTANT_CONVERSION = YES;
				CLANG_WARN_DEPRECATED_OBJC_IMPLEMENTATIONS = YES;
				CLANG_WARN_DIRECT_OBJC_ISA_USAGE = YES_ERROR;
				CLANG_WARN_DOCUMENTATION_COMMENTS = YES;
				CLANG_WARN_EMPTY_BODY = YES;
				CLANG_WARN_ENUM_CONVERSION = YES;
				CLANG_WARN_INFINITE_RECURSION = YES;
				CLANG_WARN_INT_CONVERSION = YES;
				CLANG_WARN_NON_LITERAL_NULL_CONVERSION = YES;
				CLANG_WARN_OBJC_IMPLICIT_RETAIN_SELF = YES;
				CLANG_WARN_OBJC_LITERAL_CONVERSION = YES;
				CLANG_WARN_OBJC_ROOT_CLASS = YES_ERROR;
				CLANG_WARN_QUOTED_INCLUDE_IN_FRAMEWORK_HEADER = YES;
				CLANG_WARN_RANGE_LOOP_ANALYSIS = YES;
				CLANG_WARN_STRICT_PROTOTYPES = YES;
				CLANG_WARN_SUSPICIOUS_MOVE = YES;
				CLANG_WARN_UNGUARDED_AVAILABILITY = YES_AGGRESSIVE;
				CLANG_WARN_UNREACHABLE_CODE = YES;
				CLANG_WARN__DUPLICATE_METHOD_MATCH = YES;
				COPY_PHASE_STRIP = NO;
				DEAD_CODE_STRIPPING = YES;
				DEBUG_INFORMATION_FORMAT = "dwarf-with-dsym";
				DEVELOPMENT_TEAM = MVKBMZMN48;
				ENABLE_NS_ASSERTIONS = NO;
				ENABLE_STRICT_OBJC_MSGSEND = YES;
				ENABLE_USER_SCRIPT_SANDBOXING = YES;
				GCC_C_LANGUAGE_STANDARD = gnu11;
				GCC_NO_COMMON_BLOCKS = YES;
				GCC_WARN_64_TO_32_BIT_CONVERSION = YES;
				GCC_WARN_ABOUT_RETURN_TYPE = YES_ERROR;
				GCC_WARN_UNDECLARED_SELECTOR = YES;
				GCC_WARN_UNINITIALIZED_AUTOS = YES_AGGRESSIVE;
				GCC_WARN_UNUSED_FUNCTION = YES;
				GCC_WARN_UNUSED_VARIABLE = YES;
				MACOSX_DEPLOYMENT_TARGET = 12.4;
				MTL_ENABLE_DEBUG_INFO = NO;
				MTL_FAST_MATH = YES;
				SDKROOT = macosx;
				STRING_CATALOG_GENERATE_SYMBOLS = YES;
				SWIFT_COMPILATION_MODE = wholemodule;
				SWIFT_EMIT_LOC_STRINGS = YES;
				SWIFT_OPTIMIZATION_LEVEL = "-O";
			};
			name = Release;
		};
		AD12EEE72F5AEC2500C0B791 /* Debug */ = {
			isa = XCBuildConfiguration;
			buildSettings = {
				ASSETCATALOG_COMPILER_APPICON_NAME = AppIcon;
				ASSETCATALOG_COMPILER_GLOBAL_ACCENT_COLOR_NAME = AccentColor;
				AUTOMATION_APPLE_EVENTS = NO;
				CLANG_ENABLE_MODULES = YES;
				CODE_SIGN_ENTITLEMENTS = "";
				CODE_SIGN_IDENTITY = "-";
				"CODE_SIGN_IDENTITY[sdk=macosx*]" = "-";
				CODE_SIGN_STYLE = Automatic;
				COMBINE_HIDPI_IMAGES = YES;
				CURRENT_PROJECT_VERSION = 1000.7;
				DEAD_CODE_STRIPPING = YES;
				DEVELOPMENT_ASSET_PATHS = "";
				DEVELOPMENT_TEAM = MVKBMZMN48;
				ENABLE_APP_SANDBOX = NO;
				ENABLE_HARDENED_RUNTIME = YES;
				ENABLE_PREVIEWS = YES;
				ENABLE_RESOURCE_ACCESS_AUDIO_INPUT = NO;
				ENABLE_RESOURCE_ACCESS_CALENDARS = NO;
				ENABLE_RESOURCE_ACCESS_CAMERA = NO;
				ENABLE_RESOURCE_ACCESS_CONTACTS = NO;
				ENABLE_RESOURCE_ACCESS_LOCATION = NO;
				ENABLE_RESOURCE_ACCESS_PHOTO_LIBRARY = NO;
				GENERATE_INFOPLIST_FILE = YES;
				INFOPLIST_FILE = "";
				INFOPLIST_KEY_LSApplicationCategoryType = "public.app-category.utilities";
				INFOPLIST_KEY_NSHumanReadableCopyright = "";
				LD_RUNPATH_SEARCH_PATHS = (
					"$(inherited)",
					"@executable_path/../Frameworks",
				);
				MACOSX_DEPLOYMENT_TARGET = 13.5;
				MARKETING_VERSION = "1.0.0-Beta.7";
				PRODUCT_BUNDLE_IDENTIFIER = "com.haoran.Swift-Zip-Manager";
				PRODUCT_NAME = "$(TARGET_NAME)";
				REGISTER_APP_GROUPS = YES;
				RUNTIME_EXCEPTION_ALLOW_DYLD_ENVIRONMENT_VARIABLES = YES;
				RUNTIME_EXCEPTION_ALLOW_JIT = YES;
				RUNTIME_EXCEPTION_ALLOW_UNSIGNED_EXECUTABLE_MEMORY = NO;
				RUNTIME_EXCEPTION_DEBUGGING_TOOL = YES;
				RUNTIME_EXCEPTION_DISABLE_EXECUTABLE_PAGE_PROTECTION = NO;
				RUNTIME_EXCEPTION_DISABLE_LIBRARY_VALIDATION = YES;
				SWIFT_EMIT_LOC_STRINGS = YES;
				SWIFT_OPTIMIZATION_LEVEL = "-Onone";
				SWIFT_VERSION = 5.0;
			};
			name = Debug;
		};
		AD12EEE82F5AEC2500C0B791 /* Release */ = {
			isa = XCBuildConfiguration;
			buildSettings = {
				ASSETCATALOG_COMPILER_APPICON_NAME = AppIcon;
				ASSETCATALOG_COMPILER_GLOBAL_ACCENT_COLOR_NAME = AccentColor;
				AUTOMATION_APPLE_EVENTS = NO;
				CLANG_ENABLE_MODULES = YES;
				CODE_SIGN_ENTITLEMENTS = "";
				CODE_SIGN_IDENTITY = "-";
				"CODE_SIGN_IDENTITY[sdk=macosx*]" = "-";
				CODE_SIGN_STYLE = Automatic;
				COMBINE_HIDPI_IMAGES = YES;
				CURRENT_PROJECT_VERSION = 1000.7;
				DEAD_CODE_STRIPPING = YES;
				DEVELOPMENT_ASSET_PATHS = "";
				DEVELOPMENT_TEAM = MVKBMZMN48;
				ENABLE_APP_SANDBOX = NO;
				ENABLE_HARDENED_RUNTIME = YES;
				ENABLE_PREVIEWS = YES;
				ENABLE_RESOURCE_ACCESS_AUDIO_INPUT = NO;
				ENABLE_RESOURCE_ACCESS_CALENDARS = NO;
				ENABLE_RESOURCE_ACCESS_CAMERA = NO;
				ENABLE_RESOURCE_ACCESS_CONTACTS = NO;
				ENABLE_RESOURCE_ACCESS_LOCATION = NO;
				ENABLE_RESOURCE_ACCESS_PHOTO_LIBRARY = NO;
				GENERATE_INFOPLIST_FILE = YES;
				INFOPLIST_FILE = "";
				INFOPLIST_KEY_LSApplicationCategoryType = "public.app-category.utilities";
				INFOPLIST_KEY_NSHumanReadableCopyright = "";
				LD_RUNPATH_SEARCH_PATHS = (
					"$(inherited)",
					"@executable_path/../Frameworks",
				);
				MACOSX_DEPLOYMENT_TARGET = 13.5;
				MARKETING_VERSION = "1.0.0-Beta.7";
				PRODUCT_BUNDLE_IDENTIFIER = "com.haoran.Swift-Zip-Manager";
				PRODUCT_NAME = "$(TARGET_NAME)";
				REGISTER_APP_GROUPS = YES;
				RUNTIME_EXCEPTION_ALLOW_DYLD_ENVIRONMENT_VARIABLES = YES;
				RUNTIME_EXCEPTION_ALLOW_JIT = YES;
				RUNTIME_EXCEPTION_ALLOW_UNSIGNED_EXECUTABLE_MEMORY = NO;
				RUNTIME_EXCEPTION_DEBUGGING_TOOL = YES;
				RUNTIME_EXCEPTION_DISABLE_EXECUTABLE_PAGE_PROTECTION = NO;
				RUNTIME_EXCEPTION_DISABLE_LIBRARY_VALIDATION = YES;
				SWIFT_EMIT_LOC_STRINGS = YES;
				SWIFT_VERSION = 5.0;
			};
			name = Release;
		};
/* End XCBuildConfiguration section */

/* Begin XCConfigurationList section */
		AD12EEBC2F5AEC2200C0B791 /* Build configuration list for PBXProject "Swift Zip Manager" */ = {
			isa = XCConfigurationList;
			buildConfigurations = (
				AD12EEE42F5AEC2500C0B791 /* Debug */,
				AD12EEE52F5AEC2500C0B791 /* Release */,
			);
			defaultConfigurationIsVisible = 0;
			defaultConfigurationName = Release;
		};
		AD12EEE62F5AEC2500C0B791 /* Build configuration list for PBXNativeTarget "Swift Zip Manager" */ = {
			isa = XCConfigurationList;
			buildConfigurations = (
				AD12EEE72F5AEC2500C0B791 /* Debug */,
				AD12EEE82F5AEC2500C0B791 /* Release */,
			);
			defaultConfigurationIsVisible = 0;
			defaultConfigurationName = Release;
		};
/* End XCConfigurationList section */
	};
	rootObject = AD12EEB92F5AEC2200C0B791 /* Project object */;
}
